// !$*UTF8*$!
{
	archiveVersion = 1;
	classes = {
	};
	objectVersion = 50;
	objects = {

/* Begin PBXBuildFile section */
		98E08B9F25093165002F17C8 /* AppDelegate.swift in Sources */ = {isa = PBXBuildFile; fileRef = 98E08B9E25093165002F17C8 /* AppDelegate.swift */; };
		98E08BA125093165002F17C8 /* SceneDelegate.swift in Sources */ = {isa = PBXBuildFile; fileRef = 98E08BA025093165002F17C8 /* SceneDelegate.swift */; };
		98E08BA325093165002F17C8 /* ViewController.swift in Sources */ = {isa = PBXBuildFile; fileRef = 98E08BA225093165002F17C8 /* ViewController.swift */; };
		98E08BA625093165002F17C8 /* Main.storyboard in Resources */ = {isa = PBXBuildFile; fileRef = 98E08BA425093165002F17C8 /* Main.storyboard */; };
		98E08BA825093166002F17C8 /* Assets.xcassets in Resources */ = {isa = PBXBuildFile; fileRef = 98E08BA725093166002F17C8 /* Assets.xcassets */; };
		98E08BAB25093166002F17C8 /* LaunchScreen.storyboard in Resources */ = {isa = PBXBuildFile; fileRef = 98E08BA925093166002F17C8 /* LaunchScreen.storyboard */; };
		98E08BB425093D5F002F17C8 /* CovidDataManager.swift in Sources */ = {isa = PBXBuildFile; fileRef = 98E08BB325093D5F002F17C8 /* CovidDataManager.swift */; };
		98E08BB8250949B3002F17C8 /* CovidData.swift in Sources */ = {isa = PBXBuildFile; fileRef = 98E08BB7250949B3002F17C8 /* CovidData.swift */; };
/* End PBXBuildFile section */

/* Begin PBXFileReference section */
		98E08B9B25093165002F17C8 /* Covid Tracker.app */ = {isa = PBXFileReference; explicitFileType = wrapper.application; includeInIndex = 0; path = "Covid Tracker.app"; sourceTree = BUILT_PRODUCTS_DIR; };
		98E08B9E25093165002F17C8 /* AppDelegate.swift */ = {isa = PBXFileReference; lastKnownFileType = sourcecode.swift; path = AppDelegate.swift; sourceTree = "<group>"; };
		98E08BA025093165002F17C8 /* SceneDelegate.swift */ = {isa = PBXFileReference; lastKnownFileType = sourcecode.swift; path = SceneDelegate.swift; sourceTree = "<group>"; };
		98E08BA225093165002F17C8 /* ViewController.swift */ = {isa = PBXFileReference; lastKnownFileType = sourcecode.swift; path = ViewController.swift; sourceTree = "<group>"; };
		98E08BA525093165002F17C8 /* Base */ = {isa = PBXFileReference; lastKnownFileType = file.storyboard; name = Base; path = Base.lproj/Main.storyboard; sourceTree = "<group>"; };
		98E08BA725093166002F17C8 /* Assets.xcassets */ = {isa = PBXFileReference; lastKnownFileType = folder.assetcatalog; path = Assets.xcassets; sourceTree = "<group>"; };
		98E08BAA25093166002F17C8 /* Base */ = {isa = PBXFileReference; lastKnownFileType = file.storyboard; name = Base; path = Base.lproj/LaunchScreen.storyboard; sourceTree = "<group>"; };
		98E08BAC25093166002F17C8 /* Info.plist */ = {isa = PBXFileReference; lastKnownFileType = text.plist.xml; path = Info.plist; sourceTree = "<group>"; };
		98E08BB325093D5F002F17C8 /* CovidDataManager.swift */ = {isa = PBXFileReference; lastKnownFileType = sourcecode.swift; path = CovidDataManager.swift; sourceTree = "<group>"; };
		98E08BB7250949B3002F17C8 /* CovidData.swift */ = {isa = PBXFileReference; lastKnownFileType = sourcecode.swift; path = CovidData.swift; sourceTree = "<group>"; };
/* End PBXFileReference section */

/* Begin PBXFrameworksBuildPhase section */
		98E08B9825093165002F17C8 /* Frameworks */ = {
			isa = PBXFrameworksBuildPhase;
			buildActionMask = 2147483647;
			files = (
			);
			runOnlyForDeploymentPostprocessing = 0;
		};
/* End PBXFrameworksBuildPhase section */

/* Begin PBXGroup section */
		98E08B9225093165002F17C8 = {
			isa = PBXGroup;
			children = (
				98E08B9D25093165002F17C8 /* Covid Tracker */,
				98E08B9C25093165002F17C8 /* Products */,
			);
			sourceTree = "<group>";
		};
		98E08B9C25093165002F17C8 /* Products */ = {
			isa = PBXGroup;
			children = (
				98E08B9B25093165002F17C8 /* Covid Tracker.app */,
			);
			name = Products;
			sourceTree = "<group>";
		};
		98E08B9D25093165002F17C8 /* Covid Tracker */ = {
			isa = PBXGroup;
			children = (
				98E08B9E25093165002F17C8 /* AppDelegate.swift */,
				98E08BA025093165002F17C8 /* SceneDelegate.swift */,
				98E08BB525093D67002F17C8 /* Model */,
				98E08BB225093D26002F17C8 /* Controller */,
				98E08BA425093165002F17C8 /* Main.storyboard */,
				98E08BA925093166002F17C8 /* LaunchScreen.storyboard */,
				98E08BA725093166002F17C8 /* Assets.xcassets */,
				98E08BAC25093166002F17C8 /* Info.plist */,
			);
			path = "Covid Tracker";
			sourceTree = "<group>";
		};
		98E08BB225093D26002F17C8 /* Controller */ = {
			isa = PBXGroup;
			children = (
				98E08BA225093165002F17C8 /* ViewController.swift */,
			);
			path = Controller;
			sourceTree = "<group>";
		};
		98E08BB525093D67002F17C8 /* Model */ = {
			isa = PBXGroup;
			children = (
				98E08BB325093D5F002F17C8 /* CovidDataManager.swift */,
				98E08BB7250949B3002F17C8 /* CovidData.swift */,
			);
			path = Model;
			sourceTree = "<group>";
		};
/* End PBXGroup section */

/* Begin PBXNativeTarget section */
		98E08B9A25093165002F17C8 /* Covid Tracker */ = {
			isa = PBXNativeTarget;
			buildConfigurationList = 98E08BAF25093166002F17C8 /* Build configuration list for PBXNativeTarget "Covid Tracker" */;
			buildPhases = (
				98E08B9725093165002F17C8 /* Sources */,
				98E08B9825093165002F17C8 /* Frameworks */,
				98E08B9925093165002F17C8 /* Resources */,
			);
			buildRules = (
			);
			dependencies = (
			);
			name = "Covid Tracker";
			productName = "Covid Tracker";
			productReference = 98E08B9B25093165002F17C8 /* Covid Tracker.app */;
			productType = "com.apple.product-type.application";
		};
/* End PBXNativeTarget section */

/* Begin PBXProject section */
		98E08B9325093165002F17C8 /* Project object */ = {
			isa = PBXProject;
			attributes = {
				LastSwiftUpdateCheck = 1170;
				LastUpgradeCheck = 1170;
				ORGANIZATIONNAME = "Gunjan  Paul";
				TargetAttributes = {
					98E08B9A25093165002F17C8 = {
						CreatedOnToolsVersion = 11.7;
					};
				};
			};
			buildConfigurationList = 98E08B9625093165002F17C8 /* Build configuration list for PBXProject "Covid Tracker" */;
			compatibilityVersion = "Xcode 9.3";
			developmentRegion = en;
			hasScannedForEncodings = 0;
			knownRegions = (
				en,
				Base,
			);
			mainGroup = 98E08B9225093165002F17C8;
			productRefGroup = 98E08B9C25093165002F17C8 /* Products */;
			projectDirPath = "";
			projectRoot = "";
			targets = (
				98E08B9A25093165002F17C8 /* Covid Tracker */,
			);
		};
/* End PBXProject section */

/* Begin PBXResourcesBuildPhase section */
		98E08B9925093165002F17C8 /* Resources */ = {
			isa = PBXResourcesBuildPhase;
			buildActionMask = 2147483647;
			files = (
				98E08BAB25093166002F17C8 /* LaunchScreen.storyboard in Resources */,
				98E08BA825093166002F17C8 /* Assets.xcassets in Resources */,
				98E08BA625093165002F17C8 /* Main.storyboard in Resources */,
			);
			runOnlyForDeploymentPostprocessing = 0;
		};
/* End PBXResourcesBuildPhase section */

/* Begin PBXSourcesBuildPhase section */
		98E08B9725093165002F17C8 /* Sources */ = {
			isa = PBXSourcesBuildPhase;
			buildActionMask = 2147483647;
			files = (
				98E08BB8250949B3002F17C8 /* CovidData.swift in Sources */,
				98E08BA325093165002F17C8 /* ViewController.swift in Sources */,
				98E08B9F25093165002F17C8 /* AppDelegate.swift in Sources */,
				98E08BA125093165002F17C8 /* SceneDelegate.swift in Sources */,
				98E08BB425093D5F002F17C8 /* CovidDataManager.swift in Sources */,
			);
			runOnlyForDeploymentPostprocessing = 0;
		};
/* End PBXSourcesBuildPhase section */

/* Begin PBXVariantGroup section */
		98E08BA425093165002F17C8 /* Main.storyboard */ = {
			isa = PBXVariantGroup;
			children = (
				98E08BA525093165002F17C8 /* Base */,
			);
			name = Main.storyboard;
			sourceTree = "<group>";
		};
		98E08BA925093166002F17C8 /* LaunchScreen.storyboard */ = {
			isa = PBXVariantGroup;
			children = (
				98E08BAA25093166002F17C8 /* Base */,
			);
			name = LaunchScreen.storyboard;
			sourceTree = "<group>";
		};
/* End PBXVariantGroup section */

/* Begin XCBuildConfiguration section */
		98E08BAD25093166002F17C8 /* Debug */ = {
			isa = XCBuildConfiguration;
			buildSettings = {
				ALWAYS_SEARCH_USER_PATHS = NO;
				CLANG_ANALYZER_NONNULL = YES;
				CLANG_ANALYZER_NUMBER_OBJECT_CONVERSION = YES_AGGRESSIVE;
				CLANG_CXX_LANGUAGE_STANDARD = "gnu++14";
				CLANG_CXX_LIBRARY = "libc++";
				CLANG_ENABLE_MODULES = YES;
				CLANG_ENABLE_OBJC_ARC = YES;
				CLANG_ENABLE_OBJC_WEAK = YES;
				CLANG_WARN_BLOCK_CAPTURE_AUTORELEASING = YES;
				CLANG_WARN_BOOL_CONVERSION = YES;
				CLANG_WARN_COMMA = YES;
				CLANG_WARN_CONSTANT_CONVERSION = YES;
				CLANG_WARN_DEPRECATED_OBJC_IMPLEMENTATIONS = YES;
				CLANG_WARN_DIRECT_OBJC_ISA_USAGE = YES_ERROR;
				CLANG_WARN_DOCUMENTATION_COMMENTS = YES;
				CLANG_WARN_EMPTY_BODY = YES;
				CLANG_WARN_ENUM_CONVERSION = YES;
				CLANG_WARN_INFINITE_RECURSION = YES;
				CLANG_WARN_INT_CONVERSION = YES;
				CLANG_WARN_NON_LITERAL_NULL_CONVERSION = YES;
				CLANG_WARN_OBJC_IMPLICIT_RETAIN_SELF = YES;
				CLANG_WARN_OBJC_LITERAL_CONVERSION = YES;
				CLANG_WARN_OBJC_ROOT_CLASS = YES_ERROR;
				CLANG_WARN_RANGE_LOOP_ANALYSIS = YES;
				CLANG_WARN_STRICT_PROTOTYPES = YES;
				CLANG_WARN_SUSPICIOUS_MOVE = YES;
				CLANG_WARN_UNGUARDED_AVAILABILITY = YES_AGGRESSIVE;
				CLANG_WARN_UNREACHABLE_CODE = YES;
				CLANG_WARN__DUPLICATE_METHOD_MATCH = YES;
				COPY_PHASE_STRIP = NO;
				DEBUG_INFORMATION_FORMAT = dwarf;
				ENABLE_STRICT_OBJC_MSGSEND = YES;
				ENABLE_TESTABILITY = YES;
				GCC_C_LANGUAGE_STANDARD = gnu11;
				GCC_DYNAMIC_NO_PIC = NO;
				GCC_NO_COMMON_BLOCKS = YES;
				GCC_OPTIMIZATION_LEVEL = 0;
				GCC_PREPROCESSOR_DEFINITIONS = (
					"DEBUG=1",
					"$(inherited)",
				);
				GCC_WARN_64_TO_32_BIT_CONVERSION = YES;
				GCC_WARN_ABOUT_RETURN_TYPE = YES_ERROR;
				GCC_WARN_UNDECLARED_SELECTOR = YES;
				GCC_WARN_UNINITIALIZED_AUTOS = YES_AGGRESSIVE;
				GCC_WARN_UNUSED_FUNCTION = YES;
				GCC_WARN_UNUSED_VARIABLE = YES;
				IPHONEOS_DEPLOYMENT_TARGET = 13.7;
				MTL_ENABLE_DEBUG_INFO = INCLUDE_SOURCE;
				MTL_FAST_MATH = YES;
				ONLY_ACTIVE_ARCH = YES;
				SDKROOT = iphoneos;
				SWIFT_ACTIVE_COMPILATION_CONDITIONS = DEBUG;
				SWIFT_OPTIMIZATION_LEVEL = "-Onone";
			};
			name = Debug;
		};
		98E08BAE25093166002F17C8 /* Release */ = {
			isa = XCBuildConfiguration;
			buildSettings = {
				ALWAYS_SEARCH_USER_PATHS = NO;
				CLANG_ANALYZER_NONNULL = YES;
				CLANG_ANALYZER_NUMBER_OBJECT_CONVERSION = YES_AGGRESSIVE;
				CLANG_CXX_LANGUAGE_STANDARD = "gnu++14";
				CLANG_CXX_LIBRARY = "libc++";
				CLANG_ENABLE_MODULES = YES;
				CLANG_ENABLE_OBJC_ARC = YES;
				CLANG_ENABLE_OBJC_WEAK = YES;
				CLANG_WARN_BLOCK_CAPTURE_AUTORELEASING = YES;
				CLANG_WARN_BOOL_CONVERSION = YES;
				CLANG_WARN_COMMA = YES;
				CLANG_WARN_CONSTANT_CONVERSION = YES;
				CLANG_WARN_DEPRECATED_OBJC_IMPLEMENTATIONS = YES;
				CLANG_WARN_DIRECT_OBJC_ISA_USAGE = YES_ERROR;
				CLANG_WARN_DOCUMENTATION_COMMENTS = YES;
				CLANG_WARN_EMPTY_BODY = YES;
				CLANG_WARN_ENUM_CONVERSION = YES;
				CLANG_WARN_INFINITE_RECURSION = YES;
				CLANG_WARN_INT_CONVERSION = YES;
				CLANG_WARN_NON_LITERAL_NULL_CONVERSION = YES;
				CLANG_WARN_OBJC_IMPLICIT_RETAIN_SELF = YES;
				CLANG_WARN_OBJC_LITERAL_CONVERSION = YES;
				CLANG_WARN_OBJC_ROOT_CLASS = YES_ERROR;
				CLANG_WARN_RANGE_LOOP_ANALYSIS = YES;
				CLANG_WARN_STRICT_PROTOTYPES = YES;
				CLANG_WARN_SUSPICIOUS_MOVE = YES;
				CLANG_WARN_UNGUARDED_AVAILABILITY = YES_AGGRESSIVE;
				CLANG_WARN_UNREACHABLE_CODE = YES;
				CLANG_WARN__DUPLICATE_METHOD_MATCH = YES;
				COPY_PHASE_STRIP = NO;
				DEBUG_INFORMATION_FORMAT = "dwarf-with-dsym";
				ENABLE_NS_ASSERTIONS = NO;
				ENABLE_STRICT_OBJC_MSGSEND = YES;
				GCC_C_LANGUAGE_STANDARD = gnu11;
				GCC_NO_COMMON_BLOCKS = YES;
				GCC_WARN_64_TO_32_BIT_CONVERSION = YES;
				GCC_WARN_ABOUT_RETURN_TYPE = YES_ERROR;
				GCC_WARN_UNDECLARED_SELECTOR = YES;
				GCC_WARN_UNINITIALIZED_AUTOS = YES_AGGRESSIVE;
				GCC_WARN_UNUSED_FUNCTION = YES;
				GCC_WARN_UNUSED_VARIABLE = YES;
				IPHONEOS_DEPLOYMENT_TARGET = 13.7;
				MTL_ENABLE_DEBUG_INFO = NO;
				MTL_FAST_MATH = YES;
				SDKROOT = iphoneos;
				SWIFT_COMPILATION_MODE = wholemodule;
				SWIFT_OPTIMIZATION_LEVEL = "-O";
				VALIDATE_PRODUCT = YES;
			};
			name = Release;
		};
		98E08BB025093166002F17C8 /* Debug */ = {
			isa = XCBuildConfiguration;
			buildSettings = {
				ASSETCATALOG_COMPILER_APPICON_NAME = AppIcon;
				CODE_SIGN_STYLE = Automatic;
				INFOPLIST_FILE = "Covid Tracker/Info.plist";
				LD_RUNPATH_SEARCH_PATHS = (
					"$(inherited)",
					"@executable_path/Frameworks",
				);
				PRODUCT_BUNDLE_IDENTIFIER = "ml.commandline.Covid-Tracker";
				PRODUCT_NAME = "$(TARGET_NAME)";
				SWIFT_VERSION = 5.0;
				TARGETED_DEVICE_FAMILY = "1,2";
			};
			name = Debug;
		};
		98E08BB125093166002F17C8 /* Release */ = {
			isa = XCBuildConfiguration;
			buildSettings = {
				ASSETCATALOG_COMPILER_APPICON_NAME = AppIcon;
				CODE_SIGN_STYLE = Automatic;
				INFOPLIST_FILE = "Covid Tracker/Info.plist";
				LD_RUNPATH_SEARCH_PATHS = (
					"$(inherited)",
					"@executable_path/Frameworks",
				);
				PRODUCT_BUNDLE_IDENTIFIER = "ml.commandline.Covid-Tracker";
				PRODUCT_NAME = "$(TARGET_NAME)";
				SWIFT_VERSION = 5.0;
				TARGETED_DEVICE_FAMILY = "1,2";
			};
			name = Release;
		};
/* End XCBuildConfiguration section */

/* Begin XCConfigurationList section */
		98E08B9625093165002F17C8 /* Build configuration list for PBXProject "Covid Tracker" */ = {
			isa = XCConfigurationList;
			buildConfigurations = (
				98E08BAD25093166002F17C8 /* Debug */,
				98E08BAE25093166002F17C8 /* Release */,
			);
			defaultConfigurationIsVisible = 0;
			defaultConfigurationName = Release;
		};
		98E08BAF25093166002F17C8 /* Build configuration list for PBXNativeTarget "Covid Tracker" */ = {
			isa = XCConfigurationList;
			buildConfigurations = (
				98E08BB025093166002F17C8 /* Debug */,
				98E08BB125093166002F17C8 /* Release */,
			);
			defaultConfigurationIsVisible = 0;
			defaultConfigurationName = Release;
		};
/* End XCConfigurationList section */
	};
	rootObject = 98E08B9325093165002F17C8 /* Project object */;
}
