// !$*UTF8*$!
{
	archiveVersion = 1;
	classes = {
	};
	objectVersion = 50;
	objects = {

/* Begin PBXBuildFile section */
		9805437B250F3CBA00BCFC81 /* RegisterPage.swift in Sources */ = {isa = PBXBuildFile; fileRef = 9805437A250F3CBA00BCFC81 /* RegisterPage.swift */; };
		98A324F6250D5BF20003B103 /* AppDelegate.swift in Sources */ = {isa = PBXBuildFile; fileRef = 98A324F5250D5BF20003B103 /* AppDelegate.swift */; };
		98A324F8250D5BF20003B103 /* SceneDelegate.swift in Sources */ = {isa = PBXBuildFile; fileRef = 98A324F7250D5BF20003B103 /* SceneDelegate.swift */; };
		98A324FA250D5BF20003B103 /* ViewController.swift in Sources */ = {isa = PBXBuildFile; fileRef = 98A324F9250D5BF20003B103 /* ViewController.swift */; };
		98A324FD250D5BF20003B103 /* Main.storyboard in Resources */ = {isa = PBXBuildFile; fileRef = 98A324FB250D5BF20003B103 /* Main.storyboard */; };
		98A324FF250D5BF30003B103 /* Assets.xcassets in Resources */ = {isa = PBXBuildFile; fileRef = 98A324FE250D5BF30003B103 /* Assets.xcassets */; };
		98A32502250D5BF30003B103 /* LaunchScreen.storyboard in Resources */ = {isa = PBXBuildFile; fileRef = 98A32500250D5BF30003B103 /* LaunchScreen.storyboard */; };
/* End PBXBuildFile section */

/* Begin PBXFileReference section */
		9805437A250F3CBA00BCFC81 /* RegisterPage.swift */ = {isa = PBXFileReference; lastKnownFileType = sourcecode.swift; path = RegisterPage.swift; sourceTree = "<group>"; };
		98A324F2250D5BF20003B103 /* Newspedia.app */ = {isa = PBXFileReference; explicitFileType = wrapper.application; includeInIndex = 0; path = Newspedia.app; sourceTree = BUILT_PRODUCTS_DIR; };
		98A324F5250D5BF20003B103 /* AppDelegate.swift */ = {isa = PBXFileReference; lastKnownFileType = sourcecode.swift; path = AppDelegate.swift; sourceTree = "<group>"; };
		98A324F7250D5BF20003B103 /* SceneDelegate.swift */ = {isa = PBXFileReference; lastKnownFileType = sourcecode.swift; path = SceneDelegate.swift; sourceTree = "<group>"; };
		98A324F9250D5BF20003B103 /* ViewController.swift */ = {isa = PBXFileReference; lastKnownFileType = sourcecode.swift; path = ViewController.swift; sourceTree = "<group>"; };
		98A324FC250D5BF20003B103 /* Base */ = {isa = PBXFileReference; lastKnownFileType = file.storyboard; name = Base; path = Base.lproj/Main.storyboard; sourceTree = "<group>"; };
		98A324FE250D5BF30003B103 /* Assets.xcassets */ = {isa = PBXFileReference; lastKnownFileType = folder.assetcatalog; path = Assets.xcassets; sourceTree = "<group>"; };
		98A32501250D5BF30003B103 /* Base */ = {isa = PBXFileReference; lastKnownFileType = file.storyboard; name = Base; path = Base.lproj/LaunchScreen.storyboard; sourceTree = "<group>"; };
		98A32503250D5BF30003B103 /* Info.plist */ = {isa = PBXFileReference; lastKnownFileType = text.plist.xml; path = Info.plist; sourceTree = "<group>"; };
/* End PBXFileReference section */

/* Begin PBXFrameworksBuildPhase section */
		98A324EF250D5BF20003B103 /* Frameworks */ = {
			isa = PBXFrameworksBuildPhase;
			buildActionMask = 2147483647;
			files = (
			);
			runOnlyForDeploymentPostprocessing = 0;
		};
/* End PBXFrameworksBuildPhase section */

/* Begin PBXGroup section */
		98A324E9250D5BF20003B103 = {
			isa = PBXGroup;
			children = (
				98A324F4250D5BF20003B103 /* Newspedia */,
				98A324F3250D5BF20003B103 /* Products */,
			);
			sourceTree = "<group>";
		};
		98A324F3250D5BF20003B103 /* Products */ = {
			isa = PBXGroup;
			children = (
				98A324F2250D5BF20003B103 /* Newspedia.app */,
			);
			name = Products;
			sourceTree = "<group>";
		};
		98A324F4250D5BF20003B103 /* Newspedia */ = {
			isa = PBXGroup;
			children = (
				98A324F5250D5BF20003B103 /* AppDelegate.swift */,
				98A324F7250D5BF20003B103 /* SceneDelegate.swift */,
				98A324F9250D5BF20003B103 /* ViewController.swift */,
				98A324FB250D5BF20003B103 /* Main.storyboard */,
				98A324FE250D5BF30003B103 /* Assets.xcassets */,
				98A32500250D5BF30003B103 /* LaunchScreen.storyboard */,
				98A32503250D5BF30003B103 /* Info.plist */,
				9805437A250F3CBA00BCFC81 /* RegisterPage.swift */,
			);
			path = Newspedia;
			sourceTree = "<group>";
		};
/* End PBXGroup section */

/* Begin PBXNativeTarget section */
		98A324F1250D5BF20003B103 /* Newspedia */ = {
			isa = PBXNativeTarget;
			buildConfigurationList = 98A32506250D5BF30003B103 /* Build configuration list for PBXNativeTarget "Newspedia" */;
			buildPhases = (
				98A324EE250D5BF20003B103 /* Sources */,
				98A324EF250D5BF20003B103 /* Frameworks */,
				98A324F0250D5BF20003B103 /* Resources */,
			);
			buildRules = (
			);
			dependencies = (
			);
			name = Newspedia;
			productName = Newspedia;
			productReference = 98A324F2250D5BF20003B103 /* Newspedia.app */;
			productType = "com.apple.product-type.application";
		};
/* End PBXNativeTarget section */

/* Begin PBXProject section */
		98A324EA250D5BF20003B103 /* Project object */ = {
			isa = PBXProject;
			attributes = {
				LastSwiftUpdateCheck = 1170;
				LastUpgradeCheck = 1170;
				ORGANIZATIONNAME = "Gunjan  Paul";
				TargetAttributes = {
					98A324F1250D5BF20003B103 = {
						CreatedOnToolsVersion = 11.7;
					};
				};
			};
			buildConfigurationList = 98A324ED250D5BF20003B103 /* Build configuration list for PBXProject "Newspedia" */;
			compatibilityVersion = "Xcode 9.3";
			developmentRegion = en;
			hasScannedForEncodings = 0;
			knownRegions = (
				en,
				Base,
			);
			mainGroup = 98A324E9250D5BF20003B103;
			productRefGroup = 98A324F3250D5BF20003B103 /* Products */;
			projectDirPath = "";
			projectRoot = "";
			targets = (
				98A324F1250D5BF20003B103 /* Newspedia */,
			);
		};
/* End PBXProject section */

/* Begin PBXResourcesBuildPhase section */
		98A324F0250D5BF20003B103 /* Resources */ = {
			isa = PBXResourcesBuildPhase;
			buildActionMask = 2147483647;
			files = (
				98A32502250D5BF30003B103 /* LaunchScreen.storyboard in Resources */,
				98A324FF250D5BF30003B103 /* Assets.xcassets in Resources */,
				98A324FD250D5BF20003B103 /* Main.storyboard in Resources */,
			);
			runOnlyForDeploymentPostprocessing = 0;
		};
/* End PBXResourcesBuildPhase section */

/* Begin PBXSourcesBuildPhase section */
		98A324EE250D5BF20003B103 /* Sources */ = {
			isa = PBXSourcesBuildPhase;
			buildActionMask = 2147483647;
			files = (
				98A324FA250D5BF20003B103 /* ViewController.swift in Sources */,
				98A324F6250D5BF20003B103 /* AppDelegate.swift in Sources */,
				98A324F8250D5BF20003B103 /* SceneDelegate.swift in Sources */,
				9805437B250F3CBA00BCFC81 /* RegisterPage.swift in Sources */,
			);
			runOnlyForDeploymentPostprocessing = 0;
		};
/* End PBXSourcesBuildPhase section */

/* Begin PBXVariantGroup section */
		98A324FB250D5BF20003B103 /* Main.storyboard */ = {
			isa = PBXVariantGroup;
			children = (
				98A324FC250D5BF20003B103 /* Base */,
			);
			name = Main.storyboard;
			sourceTree = "<group>";
		};
		98A32500250D5BF30003B103 /* LaunchScreen.storyboard */ = {
			isa = PBXVariantGroup;
			children = (
				98A32501250D5BF30003B103 /* Base */,
			);
			name = LaunchScreen.storyboard;
			sourceTree = "<group>";
		};
/* End PBXVariantGroup section */

/* Begin XCBuildConfiguration section */
		98A32504250D5BF30003B103 /* Debug */ = {
			isa = XCBuildConfiguration;
			buildSettings = {
				ALWAYS_SEARCH_USER_PATHS = NO;
				CLANG_ANALYZER_NONNULL = YES;
				CLANG_ANALYZER_NUMBER_OBJECT_CONVERSION = YES_AGGRESSIVE;
				CLANG_CXX_LANGUAGE_STANDARD = "gnu++14";
				CLANG_CXX_LIBRARY = "libc++";
				CLANG_ENABLE_MODULES = YES;
				CLANG_ENABLE_OBJC_ARC = YES;
				CLANG_ENABLE_OBJC_WEAK = YES;
				CLANG_WARN_BLOCK_CAPTURE_AUTORELEASING = YES;
				CLANG_WARN_BOOL_CONVERSION = YES;
				CLANG_WARN_COMMA = YES;
				CLANG_WARN_CONSTANT_CONVERSION = YES;
				CLANG_WARN_DEPRECATED_OBJC_IMPLEMENTATIONS = YES;
				CLANG_WARN_DIRECT_OBJC_ISA_USAGE = YES_ERROR;
				CLANG_WARN_DOCUMENTATION_COMMENTS = YES;
				CLANG_WARN_EMPTY_BODY = YES;
				CLANG_WARN_ENUM_CONVERSION = YES;
				CLANG_WARN_INFINITE_RECURSION = YES;
				CLANG_WARN_INT_CONVERSION = YES;
				CLANG_WARN_NON_LITERAL_NULL_CONVERSION = YES;
				CLANG_WARN_OBJC_IMPLICIT_RETAIN_SELF = YES;
				CLANG_WARN_OBJC_LITERAL_CONVERSION = YES;
				CLANG_WARN_OBJC_ROOT_CLASS = YES_ERROR;
				CLANG_WARN_RANGE_LOOP_ANALYSIS = YES;
				CLANG_WARN_STRICT_PROTOTYPES = YES;
				CLANG_WARN_SUSPICIOUS_MOVE = YES;
				CLANG_WARN_UNGUARDED_AVAILABILITY = YES_AGGRESSIVE;
				CLANG_WARN_UNREACHABLE_CODE = YES;
				CLANG_WARN__DUPLICATE_METHOD_MATCH = YES;
				COPY_PHASE_STRIP = NO;
				DEBUG_INFORMATION_FORMAT = dwarf;
				ENABLE_STRICT_OBJC_MSGSEND = YES;
				ENABLE_TESTABILITY = YES;
				GCC_C_LANGUAGE_STANDARD = gnu11;
				GCC_DYNAMIC_NO_PIC = NO;
				GCC_NO_COMMON_BLOCKS = YES;
				GCC_OPTIMIZATION_LEVEL = 0;
				GCC_PREPROCESSOR_DEFINITIONS = (
					"DEBUG=1",
					"$(inherited)",
				);
				GCC_WARN_64_TO_32_BIT_CONVERSION = YES;
				GCC_WARN_ABOUT_RETURN_TYPE = YES_ERROR;
				GCC_WARN_UNDECLARED_SELECTOR = YES;
				GCC_WARN_UNINITIALIZED_AUTOS = YES_AGGRESSIVE;
				GCC_WARN_UNUSED_FUNCTION = YES;
				GCC_WARN_UNUSED_VARIABLE = YES;
				IPHONEOS_DEPLOYMENT_TARGET = 13.7;
				MTL_ENABLE_DEBUG_INFO = INCLUDE_SOURCE;
				MTL_FAST_MATH = YES;
				ONLY_ACTIVE_ARCH = YES;
				SDKROOT = iphoneos;
				SWIFT_ACTIVE_COMPILATION_CONDITIONS = DEBUG;
				SWIFT_OPTIMIZATION_LEVEL = "-Onone";
			};
			name = Debug;
		};
		98A32505250D5BF30003B103 /* Release */ = {
			isa = XCBuildConfiguration;
			buildSettings = {
				ALWAYS_SEARCH_USER_PATHS = NO;
				CLANG_ANALYZER_NONNULL = YES;
				CLANG_ANALYZER_NUMBER_OBJECT_CONVERSION = YES_AGGRESSIVE;
				CLANG_CXX_LANGUAGE_STANDARD = "gnu++14";
				CLANG_CXX_LIBRARY = "libc++";
				CLANG_ENABLE_MODULES = YES;
				CLANG_ENABLE_OBJC_ARC = YES;
				CLANG_ENABLE_OBJC_WEAK = YES;
				CLANG_WARN_BLOCK_CAPTURE_AUTORELEASING = YES;
				CLANG_WARN_BOOL_CONVERSION = YES;
				CLANG_WARN_COMMA = YES;
				CLANG_WARN_CONSTANT_CONVERSION = YES;
				CLANG_WARN_DEPRECATED_OBJC_IMPLEMENTATIONS = YES;
				CLANG_WARN_DIRECT_OBJC_ISA_USAGE = YES_ERROR;
				CLANG_WARN_DOCUMENTATION_COMMENTS = YES;
				CLANG_WARN_EMPTY_BODY = YES;
				CLANG_WARN_ENUM_CONVERSION = YES;
				CLANG_WARN_INFINITE_RECURSION = YES;
				CLANG_WARN_INT_CONVERSION = YES;
				CLANG_WARN_NON_LITERAL_NULL_CONVERSION = YES;
				CLANG_WARN_OBJC_IMPLICIT_RETAIN_SELF = YES;
				CLANG_WARN_OBJC_LITERAL_CONVERSION = YES;
				CLANG_WARN_OBJC_ROOT_CLASS = YES_ERROR;
				CLANG_WARN_RANGE_LOOP_ANALYSIS = YES;
				CLANG_WARN_STRICT_PROTOTYPES = YES;
				CLANG_WARN_SUSPICIOUS_MOVE = YES;
				CLANG_WARN_UNGUARDED_AVAILABILITY = YES_AGGRESSIVE;
				CLANG_WARN_UNREACHABLE_CODE = YES;
				CLANG_WARN__DUPLICATE_METHOD_MATCH = YES;
				COPY_PHASE_STRIP = NO;
				DEBUG_INFORMATION_FORMAT = "dwarf-with-dsym";
				ENABLE_NS_ASSERTIONS = NO;
				ENABLE_STRICT_OBJC_MSGSEND = YES;
				GCC_C_LANGUAGE_STANDARD = gnu11;
				GCC_NO_COMMON_BLOCKS = YES;
				GCC_WARN_64_TO_32_BIT_CONVERSION = YES;
				GCC_WARN_ABOUT_RETURN_TYPE = YES_ERROR;
				GCC_WARN_UNDECLARED_SELECTOR = YES;
				GCC_WARN_UNINITIALIZED_AUTOS = YES_AGGRESSIVE;
				GCC_WARN_UNUSED_FUNCTION = YES;
				GCC_WARN_UNUSED_VARIABLE = YES;
				IPHONEOS_DEPLOYMENT_TARGET = 13.7;
				MTL_ENABLE_DEBUG_INFO = NO;
				MTL_FAST_MATH = YES;
				SDKROOT = iphoneos;
				SWIFT_COMPILATION_MODE = wholemodule;
				SWIFT_OPTIMIZATION_LEVEL = "-O";
				VALIDATE_PRODUCT = YES;
			};
			name = Release;
		};
		98A32507250D5BF30003B103 /* Debug */ = {
			isa = XCBuildConfiguration;
			buildSettings = {
				ASSETCATALOG_COMPILER_APPICON_NAME = AppIcon;
				CODE_SIGN_STYLE = Automatic;
				INFOPLIST_FILE = Newspedia/Info.plist;
				LD_RUNPATH_SEARCH_PATHS = (
					"$(inherited)",
					"@executable_path/Frameworks",
				);
				PRODUCT_BUNDLE_IDENTIFIER = ml.commandline.Newspedia;
				PRODUCT_NAME = "$(TARGET_NAME)";
				SWIFT_VERSION = 5.0;
				TARGETED_DEVICE_FAMILY = "1,2";
			};
			name = Debug;
		};
		98A32508250D5BF30003B103 /* Release */ = {
			isa = XCBuildConfiguration;
			buildSettings = {
				ASSETCATALOG_COMPILER_APPICON_NAME = AppIcon;
				CODE_SIGN_STYLE = Automatic;
				INFOPLIST_FILE = Newspedia/Info.plist;
				LD_RUNPATH_SEARCH_PATHS = (
					"$(inherited)",
					"@executable_path/Frameworks",
				);
				PRODUCT_BUNDLE_IDENTIFIER = ml.commandline.Newspedia;
				PRODUCT_NAME = "$(TARGET_NAME)";
				SWIFT_VERSION = 5.0;
				TARGETED_DEVICE_FAMILY = "1,2";
			};
			name = Release;
		};
/* End XCBuildConfiguration section */

/* Begin XCConfigurationList section */
		98A324ED250D5BF20003B103 /* Build configuration list for PBXProject "Newspedia" */ = {
			isa = XCConfigurationList;
			buildConfigurations = (
				98A32504250D5BF30003B103 /* Debug */,
				98A32505250D5BF30003B103 /* Release */,
			);
			defaultConfigurationIsVisible = 0;
			defaultConfigurationName = Release;
		};
		98A32506250D5BF30003B103 /* Build configuration list for PBXNativeTarget "Newspedia" */ = {
			isa = XCConfigurationList;
			buildConfigurations = (
				98A32507250D5BF30003B103 /* Debug */,
				98A32508250D5BF30003B103 /* Release */,
			);
			defaultConfigurationIsVisible = 0;
			defaultConfigurationName = Release;
		};
/* End XCConfigurationList section */
	};
	rootObject = 98A324EA250D5BF20003B103 /* Project object */;
}
